
Microsoft Visual Studio Solution File, Format Version 12.00
# Visual Studio 15
Project("{FAE04EC0-301F-11D3-BF4B-00C04F79EFBC}") = "denkikairo.Android", "denkikairo.Android\denkikairo.Android.csproj", "{5E2B79EB-9901-4ABF-A134-2CED6277B79E}"
EndProject
Project("{FAE04EC0-301F-11D3-BF4B-00C04F79EFBC}") = "denkikairo.iOS", "denkikairo.iOS\denkikairo.iOS.csproj", "{A8527A4D-0B8B-4F01-8659-475AB4843451}"
EndProject
Project("{FAE04EC0-301F-11D3-BF4B-00C04F79EFBC}") = "denkikairo", "denkikairo\denkikairo.csproj", "{0DA84CDE-BD17-4930-BDDB-E7D538500F59}"
EndProject
Global
	GlobalSection(SolutionConfigurationPlatforms) = preSolution
		Debug|Any CPU = Debug|Any CPU
		Release|Any CPU = Release|Any CPU
		Debug|iPhoneSimulator = Debug|iPhoneSimulator
		Release|iPhoneSimulator = Release|iPhoneSimulator
		Debug|iPhone = Debug|iPhone
		Release|iPhone = Release|iPhone
	EndGlobalSection
	GlobalSection(ProjectConfigurationPlatforms) = postSolution
		{5E2B79EB-9901-4ABF-A134-2CED6277B79E}.Debug|Any CPU.ActiveCfg = Debug|Any CPU
		{5E2B79EB-9901-4ABF-A134-2CED6277B79E}.Debug|Any CPU.Build.0 = Debug|Any CPU
		{5E2B79EB-9901-4ABF-A134-2CED6277B79E}.Release|Any CPU.ActiveCfg = Release|Any CPU
		{5E2B79EB-9901-4ABF-A134-2CED6277B79E}.Release|Any CPU.Build.0 = Release|Any CPU
		{5E2B79EB-9901-4ABF-A134-2CED6277B79E}.Debug|iPhoneSimulator.ActiveCfg = Debug|Any CPU
		{5E2B79EB-9901-4ABF-A134-2CED6277B79E}.Debug|iPhoneSimulator.Build.0 = Debug|Any CPU
		{5E2B79EB-9901-4ABF-A134-2CED6277B79E}.Release|iPhoneSimulator.ActiveCfg = Release|Any CPU
		{5E2B79EB-9901-4ABF-A134-2CED6277B79E}.Release|iPhoneSimulator.Build.0 = Release|Any CPU
		{5E2B79EB-9901-4ABF-A134-2CED6277B79E}.Debug|iPhone.ActiveCfg = Debug|Any CPU
		{5E2B79EB-9901-4ABF-A134-2CED6277B79E}.Debug|iPhone.Build.0 = Debug|Any CPU
		{5E2B79EB-9901-4ABF-A134-2CED6277B79E}.Release|iPhone.ActiveCfg = Release|Any CPU
		{5E2B79EB-9901-4ABF-A134-2CED6277B79E}.Release|iPhone.Build.0 = Release|Any CPU
		{A8527A4D-0B8B-4F01-8659-475AB4843451}.Debug|Any CPU.ActiveCfg = Debug|iPhoneSimulator
		{A8527A4D-0B8B-4F01-8659-475AB4843451}.Debug|Any CPU.Build.0 = Debug|iPhoneSimulator
		{A8527A4D-0B8B-4F01-8659-475AB4843451}.Release|Any CPU.ActiveCfg = Release|iPhoneSimulator
		{A8527A4D-0B8B-4F01-8659-475AB4843451}.Release|Any CPU.Build.0 = Release|iPhoneSimulator
		{A8527A4D-0B8B-4F01-8659-475AB4843451}.Debug|iPhoneSimulator.ActiveCfg = Debug|iPhoneSimulator
		{A8527A4D-0B8B-4F01-8659-475AB4843451}.Debug|iPhoneSimulator.Build.0 = Debug|iPhoneSimulator
		{A8527A4D-0B8B-4F01-8659-475AB4843451}.Release|iPhoneSimulator.ActiveCfg = Release|iPhoneSimulator
		{A8527A4D-0B8B-4F01-8659-475AB4843451}.Release|iPhoneSimulator.Build.0 = Release|iPhoneSimulator
		{A8527A4D-0B8B-4F01-8659-475AB4843451}.Debug|iPhone.ActiveCfg = Debug|iPhone
		{A8527A4D-0B8B-4F01-8659-475AB4843451}.Debug|iPhone.Build.0 = Debug|iPhone
		{A8527A4D-0B8B-4F01-8659-475AB4843451}.Release|iPhone.ActiveCfg = Release|iPhone
		{A8527A4D-0B8B-4F01-8659-475AB4843451}.Release|iPhone.Build.0 = Release|iPhone
		{0DA84CDE-BD17-4930-BDDB-E7D538500F59}.Debug|Any CPU.ActiveCfg = Debug|Any CPU
		{0DA84CDE-BD17-4930-BDDB-E7D538500F59}.Debug|Any CPU.Build.0 = Debug|Any CPU
		{0DA84CDE-BD17-4930-BDDB-E7D538500F59}.Release|Any CPU.ActiveCfg = Release|Any CPU
		{0DA84CDE-BD17-4930-BDDB-E7D538500F59}.Release|Any CPU.Build.0 = Release|Any CPU
		{0DA84CDE-BD17-4930-BDDB-E7D538500F59}.Debug|iPhoneSimulator.ActiveCfg = Debug|Any CPU
		{0DA84CDE-BD17-4930-BDDB-E7D538500F59}.Debug|iPhoneSimulator.Build.0 = Debug|Any CPU
		{0DA84CDE-BD17-4930-BDDB-E7D538500F59}.Release|iPhoneSimulator.ActiveCfg = Release|Any CPU
		{0DA84CDE-BD17-4930-BDDB-E7D538500F59}.Release|iPhoneSimulator.Build.0 = Release|Any CPU
		{0DA84CDE-BD17-4930-BDDB-E7D538500F59}.Debug|iPhone.ActiveCfg = Debug|Any CPU
		{0DA84CDE-BD17-4930-BDDB-E7D538500F59}.Debug|iPhone.Build.0 = Debug|Any CPU
		{0DA84CDE-BD17-4930-BDDB-E7D538500F59}.Release|iPhone.ActiveCfg = Release|Any CPU
		{0DA84CDE-BD17-4930-BDDB-E7D538500F59}.Release|iPhone.Build.0 = Release|Any CPU
	EndGlobalSection
EndGlobal
